
Microsoft Visual Studio Solution File, Format Version 12.00
# Visual Studio Version 16
VisualStudioVersion = 16.0.31205.134
MinimumVisualStudioVersion = 10.0.40219.1
Project("{9A19103F-16F7-4668-BE54-9A1E7A4F7556}") = "UsingLinqOnItems", "UsingLinqOnItems.csproj", "{F1B5E1E6-55BF-489E-8B28-C370A3314830}"
EndProject
Project("{FAE04EC0-301F-11D3-BF4B-00C04F79EFBC}") = "TestItemDelivery", "..\TestItemDelivery\TestItemDelivery.csproj", "{5447118C-BDF8-4E4C-9850-BB1CFB83E76B}"
EndProject
Global
	GlobalSection(SolutionConfigurationPlatforms) = preSolution
		Debug|Any CPU = Debug|Any CPU
		Release|Any CPU = Release|Any CPU
	EndGlobalSection
	GlobalSection(ProjectConfigurationPlatforms) = postSolution
		{F1B5E1E6-55BF-489E-8B28-C370A3314830}.Debug|Any CPU.ActiveCfg = Debug|Any CPU
		{F1B5E1E6-55BF-489E-8B28-C370A3314830}.Debug|Any CPU.Build.0 = Debug|Any CPU
		{F1B5E1E6-55BF-489E-8B28-C370A3314830}.Release|Any CPU.ActiveCfg = Release|Any CPU
		{F1B5E1E6-55BF-489E-8B28-C370A3314830}.Release|Any CPU.Build.0 = Release|Any CPU
		{5447118C-BDF8-4E4C-9850-BB1CFB83E76B}.Debug|Any CPU.ActiveCfg = Debug|Any CPU
		{5447118C-BDF8-4E4C-9850-BB1CFB83E76B}.Debug|Any CPU.Build.0 = Debug|Any CPU
		{5447118C-BDF8-4E4C-9850-BB1CFB83E76B}.Release|Any CPU.ActiveCfg = Release|Any CPU
		{5447118C-BDF8-4E4C-9850-BB1CFB83E76B}.Release|Any CPU.Build.0 = Release|Any CPU
	EndGlobalSection
	GlobalSection(SolutionProperties) = preSolution
		HideSolutionNode = FALSE
	EndGlobalSection
	GlobalSection(ExtensibilityGlobals) = postSolution
		SolutionGuid = {FCE55FDA-AC64-45AC-B87D-90691E9C73AC}
	EndGlobalSection
EndGlobal
